
Microsoft Visual Studio Solution File, Format Version 12.00
# Visual Studio Version 17
VisualStudioVersion = 17.0.32126.317
MinimumVisualStudioVersion = 10.0.40219.1
Project("{FAE04EC0-301F-11D3-BF4B-00C04F79EFBC}") = "Calendar", "Calendar.csproj", "{07B1C0EF-93F5-49EF-99F4-3825FF9B16B8}"
EndProject
Global
	GlobalSection(SolutionConfigurationPlatforms) = preSolution
		Debug|Any CPU = Debug|Any CPU
		Release|Any CPU = Release|Any CPU
	EndGlobalSection
	GlobalSection(ProjectConfigurationPlatforms) = postSolution
		{07B1C0EF-93F5-49EF-99F4-3825FF9B16B8}.Debug|Any CPU.ActiveCfg = Debug|Any CPU
		{07B1C0EF-93F5-49EF-99F4-3825FF9B16B8}.Debug|Any CPU.Build.0 = Debug|Any CPU
		{07B1C0EF-93F5-49EF-99F4-3825FF9B16B8}.Release|Any CPU.ActiveCfg = Release|Any CPU
		{07B1C0EF-93F5-49EF-99F4-3825FF9B16B8}.Release|Any CPU.Build.0 = Release|Any CPU
	EndGlobalSection
	GlobalSection(SolutionProperties) = preSolution
		HideSolutionNode = FALSE
	EndGlobalSection
	GlobalSection(ExtensibilityGlobals) = postSolution
		SolutionGuid = {BF8A6B50-0EC6-4391-8E94-7408859BBA07}
	EndGlobalSection
EndGlobal
